
Microsoft Visual Studio Solution File, Format Version 12.00
# Visual Studio Version 16
VisualStudioVersion = 16.0.28803.202
MinimumVisualStudioVersion = 10.0.40219.1
Project("{9A19103F-16F7-4668-BE54-9A1E7A4F7556}") = "AWSServerless1", "AWSServerless1\AWSServerless1.csproj", "{2CA4A775-4AA2-406D-92AE-DE586EF715D3}"
EndProject
Global
	GlobalSection(SolutionConfigurationPlatforms) = preSolution
		Debug|Any CPU = Debug|Any CPU
		Release|Any CPU = Release|Any CPU
	EndGlobalSection
	GlobalSection(ProjectConfigurationPlatforms) = postSolution
		{2CA4A775-4AA2-406D-92AE-DE586EF715D3}.Debug|Any CPU.ActiveCfg = Debug|Any CPU
		{2CA4A775-4AA2-406D-92AE-DE586EF715D3}.Debug|Any CPU.Build.0 = Debug|Any CPU
		{2CA4A775-4AA2-406D-92AE-DE586EF715D3}.Release|Any CPU.ActiveCfg = Release|Any CPU
		{2CA4A775-4AA2-406D-92AE-DE586EF715D3}.Release|Any CPU.Build.0 = Release|Any CPU
	EndGlobalSection
	GlobalSection(SolutionProperties) = preSolution
		HideSolutionNode = FALSE
	EndGlobalSection
	GlobalSection(ExtensibilityGlobals) = postSolution
		SolutionGuid = {66D4D028-6A54-4A26-A6E3-FCAF2FDCA71C}
	EndGlobalSection
EndGlobal
